Microsoft Visual Studio Solution File, Format Version 11.00
# Visual Studio 2008

Project("{EBF5E7DE-7BA2-C5FD-E39D-A5081165274A}") = "CasualGame3", "Assembly-CSharp-firstpass.csproj", "{609FF561-A480-8BE2-CBE9-1933039C4C26}"
EndProject
Project("{EBF5E7DE-7BA2-C5FD-E39D-A5081165274A}") = "CasualGame3", "Assembly-CSharp.csproj", "{8C72F5BA-E667-7245-5DB3-BABEB60F1103}"
EndProject
Project("{EBF5E7DE-7BA2-C5FD-E39D-A5081165274A}") = "CasualGame3", "Assembly-CSharp-Editor.csproj", "{832715A7-F49B-B8CD-BFD3-9D6A141EDEDA}"
EndProject
Global
	GlobalSection(SolutionConfigurationPlatforms) = preSolution
		Debug|Any CPU = Debug|Any CPU
		Release|Any CPU = Release|Any CPU
	EndGlobalSection
	GlobalSection(ProjectConfigurationPlatforms) = postSolution
		{609FF561-A480-8BE2-CBE9-1933039C4C26}.Debug|Any CPU.ActiveCfg = Debug|Any CPU
		{609FF561-A480-8BE2-CBE9-1933039C4C26}.Debug|Any CPU.Build.0 = Debug|Any CPU
		{609FF561-A480-8BE2-CBE9-1933039C4C26}.Release|Any CPU.ActiveCfg = Release|Any CPU
		{609FF561-A480-8BE2-CBE9-1933039C4C26}.Release|Any CPU.Build.0 = Release|Any CPU
		{8C72F5BA-E667-7245-5DB3-BABEB60F1103}.Debug|Any CPU.ActiveCfg = Debug|Any CPU
		{8C72F5BA-E667-7245-5DB3-BABEB60F1103}.Debug|Any CPU.Build.0 = Debug|Any CPU
		{8C72F5BA-E667-7245-5DB3-BABEB60F1103}.Release|Any CPU.ActiveCfg = Release|Any CPU
		{8C72F5BA-E667-7245-5DB3-BABEB60F1103}.Release|Any CPU.Build.0 = Release|Any CPU
		{832715A7-F49B-B8CD-BFD3-9D6A141EDEDA}.Debug|Any CPU.ActiveCfg = Debug|Any CPU
		{832715A7-F49B-B8CD-BFD3-9D6A141EDEDA}.Debug|Any CPU.Build.0 = Debug|Any CPU
		{832715A7-F49B-B8CD-BFD3-9D6A141EDEDA}.Release|Any CPU.ActiveCfg = Release|Any CPU
		{832715A7-F49B-B8CD-BFD3-9D6A141EDEDA}.Release|Any CPU.Build.0 = Release|Any CPU
	EndGlobalSection
	GlobalSection(SolutionProperties) = preSolution
		HideSolutionNode = FALSE
	EndGlobalSection
																							GlobalSection(MonoDevelopProperties) = preSolution
		StartupItem = Assembly-CSharp.csproj
	EndGlobalSection

EndGlobal
