Microsoft Visual Studio Solution File, Format Version 11.00
# Visual Studio 2008

Project("{EBF5E7DE-7BA2-C5FD-E39D-A5081165274A}") = "CasualGame3", "Assembly-CSharp.csproj", "{8C72F5BA-E667-7245-5DB3-BABEB60F1103}"
EndProject
Global
	GlobalSection(SolutionConfigurationPlatforms) = preSolution
		Debug|Any CPU = Debug|Any CPU
		Release|Any CPU = Release|Any CPU
	EndGlobalSection
	GlobalSection(ProjectConfigurationPlatforms) = postSolution
		{8C72F5BA-E667-7245-5DB3-BABEB60F1103}.Debug|Any CPU.ActiveCfg = Debug|Any CPU
		{8C72F5BA-E667-7245-5DB3-BABEB60F1103}.Debug|Any CPU.Build.0 = Debug|Any CPU
		{8C72F5BA-E667-7245-5DB3-BABEB60F1103}.Release|Any CPU.ActiveCfg = Release|Any CPU
		{8C72F5BA-E667-7245-5DB3-BABEB60F1103}.Release|Any CPU.Build.0 = Release|Any CPU
	EndGlobalSection
	GlobalSection(SolutionProperties) = preSolution
		HideSolutionNode = FALSE
	EndGlobalSection
													GlobalSection(MonoDevelopProperties) = preSolution
		StartupItem = Assembly-CSharp.csproj
	EndGlobalSection
EndGlobal
